version = 1
revision = 3
requires-python = "==3.12.*"

[[package]]
name = "aiomysql"
version = "0.3.2"
source = { registry = "https://pypi.org/simple" }
dependencies = [
    { name = "pymysql" },
]
sdist = { url = "https://files.pythonhosted.org/packages/29/e0/302aeffe8d90853556f47f3106b89c16cc2ec2a4d269bdfd82e3f4ae12cc/aiomysql-0.3.2.tar.gz", hash = "sha256:72d15ef5cfc34c03468eb41e1b90adb9fd9347b0b589114bd23ead569a02ac1a", size = 108311, upload-time = "2025-10-22T00:15:21.278Z" }
wheels = [
    { url = "https://files.pythonhosted.org/packages/4c/af/aae0153c3e28712adaf462328f6c7a3c196a1c1c27b491de4377dd3e6b52/aiomysql-0.3.2-py3-none-any.whl", hash = "sha256:c82c5ba04137d7afd5c693a258bea8ead2aad77101668044143a991e04632eb2", size = 71834, upload-time = "2025-10-22T00:15:15.905Z" },
]

[[package]]
name = "annotated-doc"
version = "0.0.4"
source = { registry = "https://pypi.org/simple" }
sdist = { url = "https://files.pythonhosted.org/packages/57/ba/046ceea27344560984e26a590f90bc7f4a75b06701f653222458922b558c/annotated_doc-0.0.4.tar.gz", hash = "sha256:fbcda96e87e9c92ad167c2e53839e57503ecfda18804ea28102353485033faa4", size = 7288, upload-time = "2025-11-10T22:07:42.062Z" }
wheels = [
    { url = "https://files.pythonhosted.org/packages/1e/d3/26bf1008eb3d2daa8ef4cacc7f3bfdc11818d111f7e2d0201bc6e3b49d45/annotated_doc-0.0.4-py3-none-any.whl", hash = "sha256:571ac1dc6991c450b25a9c2d84a3705e2ae7a53467b5d111c24fa8baabbed320", size = 5303, upload-time = "2025-11-10T22:07:40.673Z" },
]

[[package]]
name = "annotated-types"
version = "0.7.0"
source = { registry = "https://pypi.org/simple" }
sdist = { url = "https://files.pythonhosted.org/packages/ee/67/531ea369ba64dcff5ec9c3402f9f51bf748cec26dde048a2f973a4eea7f5/annotated_types-0.7.0.tar.gz", hash = "sha256:aff07c09a53a08bc8cfccb9c85b05f1aa9a2a6f23728d790723543408344ce89", size = 16081, upload-time = "2024-05-20T21:33:25.928Z" }
wheels = [
    { url = "https://files.pythonhosted.org/packages/78/b6/6307fbef88d9b5ee7421e68d78a9f162e0da4900bc5f5793f6d3d0e34fb8/annotated_types-0.7.0-py3-none-any.whl", hash = "sha256:1f02e8b43a8fbbc3f3e0d4f0f4bfc8131bcb4eebe8849b8e5c773f3a1c582a53", size = 13643, upload-time = "2024-05-20T21:33:24.1Z" },
]

[[package]]
name = "anyio"
version = "4.12.1"
source = { registry = "https://pypi.org/simple" }
dependencies = [
    { name = "idna" },
    { name = "typing-extensions" },
]
sdist = { url = "https://files.pythonhosted.org/packages/96/f0/5eb65b2bb0d09ac6776f2eb54adee6abe8228ea05b20a5ad0e4945de8aac/anyio-4.12.1.tar.gz", hash = "sha256:41cfcc3a4c85d3f05c932da7c26d0201ac36f72abd4435ba90d0464a3ffed703", size = 228685, upload-time = "2026-01-06T11:45:21.246Z" }
wheels = [
    { url = "https://files.pythonhosted.org/packages/38/0e/27be9fdef66e72d64c0cdc3cc2823101b80585f8119b5c112c2e8f5f7dab/anyio-4.12.1-py3-none-any.whl", hash = "sha256:d405828884fc140aa80a3c667b8beed277f1dfedec42ba031bd6ac3db606ab6c", size = 113592, upload-time = "2026-01-06T11:45:19.497Z" },
]

[[package]]
name = "certifi"
version = "2026.2.25"
source = { registry = "https://pypi.org/simple" }
sdist = { url = "https://files.pythonhosted.org/packages/af/2d/7bf41579a8986e348fa033a31cdd0e4121114f6bce2457e8876010b092dd/certifi-2026.2.25.tar.gz", hash = "sha256:e887ab5cee78ea814d3472169153c2d12cd43b14bd03329a39a9c6e2e80bfba7", size = 155029, upload-time = "2026-02-25T02:54:17.342Z" }
wheels = [
    { url = "https://files.pythonhosted.org/packages/9a/3c/c17fb3ca2d9c3acff52e30b309f538586f9f5b9c9cf454f3845fc9af4881/certifi-2026.2.25-py3-none-any.whl", hash = "sha256:027692e4402ad994f1c42e52a4997a9763c646b73e4096e4d5d6db8af1d6f0fa", size = 153684, upload-time = "2026-02-25T02:54:15.766Z" },
]

[[package]]
name = "cffi"
version = "2.0.0"
source = { registry = "https://pypi.org/simple" }
dependencies = [
    { name = "pycparser", marker = "implementation_name != 'PyPy'" },
]
sdist = { url = "https://files.pythonhosted.org/packages/eb/56/b1ba7935a17738ae8453301356628e8147c79dbb825bcbc73dc7401f9846/cffi-2.0.0.tar.gz", hash = "sha256:44d1b5909021139fe36001ae048dbdde8214afa20200eda0f64c068cac5d5529", size = 523588, upload-time = "2025-09-08T23:24:04.541Z" }
wheels = [
    { url = "https://files.pythonhosted.org/packages/ea/47/4f61023ea636104d4f16ab488e268b93008c3d0bb76893b1b31db1f96802/cffi-2.0.0-cp312-cp312-macosx_10_13_x86_64.whl", hash = "sha256:6d02d6655b0e54f54c4ef0b94eb6be0607b70853c45ce98bd278dc7de718be5d", size = 185271, upload-time = "2025-09-08T23:22:44.795Z" },
    { url = "https://files.pythonhosted.org/packages/df/a2/781b623f57358e360d62cdd7a8c681f074a71d445418a776eef0aadb4ab4/cffi-2.0.0-cp312-cp312-macosx_11_0_arm64.whl", hash = "sha256:8eca2a813c1cb7ad4fb74d368c2ffbbb4789d377ee5bb8df98373c2cc0dee76c", size = 181048, upload-time = "2025-09-08T23:22:45.938Z" },
    { url = "https://files.pythonhosted.org/packages/ff/df/a4f0fbd47331ceeba3d37c2e51e9dfc9722498becbeec2bd8bc856c9538a/cffi-2.0.0-cp312-cp312-manylinux1_i686.manylinux2014_i686.manylinux_2_17_i686.manylinux_2_5_i686.whl", hash = "sha256:21d1152871b019407d8ac3985f6775c079416c282e431a4da6afe7aefd2bccbe", size = 212529, upload-time = "2025-09-08T23:22:47.349Z" },
    { url = "https://files.pythonhosted.org/packages/d5/72/12b5f8d3865bf0f87cf1404d8c374e7487dcf097a1c91c436e72e6badd83/cffi-2.0.0-cp312-cp312-manylinux2014_aarch64.manylinux_2_17_aarch64.whl", hash = "sha256:b21e08af67b8a103c71a250401c78d5e0893beff75e28c53c98f4de42f774062", size = 220097, upload-time = "2025-09-08T23:22:48.677Z" },
    { url = "https://files.pythonhosted.org/packages/c2/95/7a135d52a50dfa7c882ab0ac17e8dc11cec9d55d2c18dda414c051c5e69e/cffi-2.0.0-cp312-cp312-manylinux2014_ppc64le.manylinux_2_17_ppc64le.whl", hash = "sha256:1e3a615586f05fc4065a8b22b8152f0c1b00cdbc60596d187c2a74f9e3036e4e", size = 207983, upload-time = "2025-09-08T23:22:50.06Z" },
    { url = "https://files.pythonhosted.org/packages/3a/c8/15cb9ada8895957ea171c62dc78ff3e99159ee7adb13c0123c001a2546c1/cffi-2.0.0-cp312-cp312-manylinux2014_s390x.manylinux_2_17_s390x.whl", hash = "sha256:81afed14892743bbe14dacb9e36d9e0e504cd204e0b165062c488942b9718037", size = 206519, upload-time = "2025-09-08T23:22:51.364Z" },
    { url = "https://files.pythonhosted.org/packages/78/2d/7fa73dfa841b5ac06c7b8855cfc18622132e365f5b81d02230333ff26e9e/cffi-2.0.0-cp312-cp312-manylinux2014_x86_64.manylinux_2_17_x86_64.whl", hash = "sha256:3e17ed538242334bf70832644a32a7aae3d83b57567f9fd60a26257e992b79ba", size = 219572, upload-time = "2025-09-08T23:22:52.902Z" },
    { url = "https://files.pythonhosted.org/packages/07/e0/267e57e387b4ca276b90f0434ff88b2c2241ad72b16d31836adddfd6031b/cffi-2.0.0-cp312-cp312-musllinux_1_2_aarch64.whl", hash = "sha256:3925dd22fa2b7699ed2617149842d2e6adde22b262fcbfada50e3d195e4b3a94", size = 222963, upload-time = "2025-09-08T23:22:54.518Z" },
    { url = "https://files.pythonhosted.org/packages/b6/75/1f2747525e06f53efbd878f4d03bac5b859cbc11c633d0fb81432d98a795/cffi-2.0.0-cp312-cp312-musllinux_1_2_x86_64.whl", hash = "sha256:2c8f814d84194c9ea681642fd164267891702542f028a15fc97d4674b6206187", size = 221361, upload-time = "2025-09-08T23:22:55.867Z" },
    { url = "https://files.pythonhosted.org/packages/7b/2b/2b6435f76bfeb6bbf055596976da087377ede68df465419d192acf00c437/cffi-2.0.0-cp312-cp312-win32.whl", hash = "sha256:da902562c3e9c550df360bfa53c035b2f241fed6d9aef119048073680ace4a18", size = 172932, upload-time = "2025-09-08T23:22:57.188Z" },
    { url = "https://files.pythonhosted.org/packages/f8/ed/13bd4418627013bec4ed6e54283b1959cf6db888048c7cf4b4c3b5b36002/cffi-2.0.0-cp312-cp312-win_amd64.whl", hash = "sha256:da68248800ad6320861f129cd9c1bf96ca849a2771a59e0344e88681905916f5", size = 183557, upload-time = "2025-09-08T23:22:58.351Z" },
    { url = "https://files.pythonhosted.org/packages/95/31/9f7f93ad2f8eff1dbc1c3656d7ca5bfd8fb52c9d786b4dcf19b2d02217fa/cffi-2.0.0-cp312-cp312-win_arm64.whl", hash = "sha256:4671d9dd5ec934cb9a73e7ee9676f9362aba54f7f34910956b84d727b0d73fb6", size = 177762, upload-time = "2025-09-08T23:22:59.668Z" },
]

[[package]]
name = "click"
version = "8.3.1"
source = { registry = "https://pypi.org/simple" }
dependencies = [
    { name = "colorama", marker = "sys_platform == 'win32'" },
]
sdist = { url = "https://files.pythonhosted.org/packages/3d/fa/656b739db8587d7b5dfa22e22ed02566950fbfbcdc20311993483657a5c0/click-8.3.1.tar.gz", hash = "sha256:12ff4785d337a1bb490bb7e9c2b1ee5da3112e94a8622f26a6c77f5d2fc6842a", size = 295065, upload-time = "2025-11-15T20:45:42.706Z" }
wheels = [
    { url = "https://files.pythonhosted.org/packages/98/78/01c019cdb5d6498122777c1a43056ebb3ebfeef2076d9d026bfe15583b2b/click-8.3.1-py3-none-any.whl", hash = "sha256:981153a64e25f12d547d3426c367a4857371575ee7ad18df2a6183ab0545b2a6", size = 108274, upload-time = "2025-11-15T20:45:41.139Z" },
]

[[package]]
name = "colorama"
version = "0.4.6"
source = { registry = "https://pypi.org/simple" }
sdist = { url = "https://files.pythonhosted.org/packages/d8/53/6f443c9a4a8358a93a6792e2acffb9d9d5cb0a5cfd8802644b7b1c9a02e4/colorama-0.4.6.tar.gz", hash = "sha256:08695f5cb7ed6e0531a20572697297273c47b8cae5a63ffc6d6ed5c201be6e44", size = 27697, upload-time = "2022-10-25T02:36:22.414Z" }
wheels = [
    { url = "https://files.pythonhosted.org/packages/d1/d6/3965ed04c63042e047cb6a3e6ed1a63a35087b6a609aa3a15ed8ac56c221/colorama-0.4.6-py2.py3-none-any.whl", hash = "sha256:4f1d9991f5acc0ca119f9d443620b77f9d6b33703e51011c16baf57afb285fc6", size = 25335, upload-time = "2022-10-25T02:36:20.889Z" },
]

[[package]]
name = "cryptography"
version = "46.0.5"
source = { registry = "https://pypi.org/simple" }
dependencies = [
    { name = "cffi", marker = "platform_python_implementation != 'PyPy'" },
]
sdist = { url = "https://files.pythonhosted.org/packages/60/04/ee2a9e8542e4fa2773b81771ff8349ff19cdd56b7258a0cc442639052edb/cryptography-46.0.5.tar.gz", hash = "sha256:abace499247268e3757271b2f1e244b36b06f8515cf27c4d49468fc9eb16e93d", size = 750064, upload-time = "2026-02-10T19:18:38.255Z" }
wheels = [
    { url = "https://files.pythonhosted.org/packages/f7/81/b0bb27f2ba931a65409c6b8a8b358a7f03c0e46eceacddff55f7c84b1f3b/cryptography-46.0.5-cp311-abi3-macosx_10_9_universal2.whl", hash = "sha256:351695ada9ea9618b3500b490ad54c739860883df6c1f555e088eaf25b1bbaad", size = 7176289, upload-time = "2026-02-10T19:17:08.274Z" },
    { url = "https://files.pythonhosted.org/packages/ff/9e/6b4397a3e3d15123de3b1806ef342522393d50736c13b20ec4c9ea6693a6/cryptography-46.0.5-cp311-abi3-manylinux2014_aarch64.manylinux_2_17_aarch64.whl", hash = "sha256:c18ff11e86df2e28854939acde2d003f7984f721eba450b56a200ad90eeb0e6b", size = 4275637, upload-time = "2026-02-10T19:17:10.53Z" },
    { url = "https://files.pythonhosted.org/packages/63/e7/471ab61099a3920b0c77852ea3f0ea611c9702f651600397ac567848b897/cryptography-46.0.5-cp311-abi3-manylinux2014_x86_64.manylinux_2_17_x86_64.whl", hash = "sha256:4d7e3d356b8cd4ea5aff04f129d5f66ebdc7b6f8eae802b93739ed520c47c79b", size = 4424742, upload-time = "2026-02-10T19:17:12.388Z" },
    { url = "https://files.pythonhosted.org/packages/37/53/a18500f270342d66bf7e4d9f091114e31e5ee9e7375a5aba2e85a91e0044/cryptography-46.0.5-cp311-abi3-manylinux_2_28_aarch64.whl", hash = "sha256:50bfb6925eff619c9c023b967d5b77a54e04256c4281b0e21336a130cd7fc263", size = 4277528, upload-time = "2026-02-10T19:17:13.853Z" },
    { url = "https://files.pythonhosted.org/packages/22/29/c2e812ebc38c57b40e7c583895e73c8c5adb4d1e4a0cc4c5a4fdab2b1acc/cryptography-46.0.5-cp311-abi3-manylinux_2_28_ppc64le.whl", hash = "sha256:803812e111e75d1aa73690d2facc295eaefd4439be1023fefc4995eaea2af90d", size = 4947993, upload-time = "2026-02-10T19:17:15.618Z" },
    { url = "https://files.pythonhosted.org/packages/6b/e7/237155ae19a9023de7e30ec64e5d99a9431a567407ac21170a046d22a5a3/cryptography-46.0.5-cp311-abi3-manylinux_2_28_x86_64.whl", hash = "sha256:3ee190460e2fbe447175cda91b88b84ae8322a104fc27766ad09428754a618ed", size = 4456855, upload-time = "2026-02-10T19:17:17.221Z" },
    { url = "https://files.pythonhosted.org/packages/2d/87/fc628a7ad85b81206738abbd213b07702bcbdada1dd43f72236ef3cffbb5/cryptography-46.0.5-cp311-abi3-manylinux_2_31_armv7l.whl", hash = "sha256:f145bba11b878005c496e93e257c1e88f154d278d2638e6450d17e0f31e558d2", size = 3984635, upload-time = "2026-02-10T19:17:18.792Z" },
    { url = "https://files.pythonhosted.org/packages/84/29/65b55622bde135aedf4565dc509d99b560ee4095e56989e815f8fd2aa910/cryptography-46.0.5-cp311-abi3-manylinux_2_34_aarch64.whl", hash = "sha256:e9251e3be159d1020c4030bd2e5f84d6a43fe54b6c19c12f51cde9542a2817b2", size = 4277038, upload-time = "2026-02-10T19:17:20.256Z" },
    { url = "https://files.pythonhosted.org/packages/bc/36/45e76c68d7311432741faf1fbf7fac8a196a0a735ca21f504c75d37e2558/cryptography-46.0.5-cp311-abi3-manylinux_2_34_ppc64le.whl", hash = "sha256:47fb8a66058b80e509c47118ef8a75d14c455e81ac369050f20ba0d23e77fee0", size = 4912181, upload-time = "2026-02-10T19:17:21.825Z" },
    { url = "https://files.pythonhosted.org/packages/6d/1a/c1ba8fead184d6e3d5afcf03d569acac5ad063f3ac9fb7258af158f7e378/cryptography-46.0.5-cp311-abi3-manylinux_2_34_x86_64.whl", hash = "sha256:4c3341037c136030cb46e4b1e17b7418ea4cbd9dd207e4a6f3b2b24e0d4ac731", size = 4456482, upload-time = "2026-02-10T19:17:25.133Z" },
    { url = "https://files.pythonhosted.org/packages/f9/e5/3fb22e37f66827ced3b902cf895e6a6bc1d095b5b26be26bd13c441fdf19/cryptography-46.0.5-cp311-abi3-musllinux_1_2_aarch64.whl", hash = "sha256:890bcb4abd5a2d3f852196437129eb3667d62630333aacc13dfd470fad3aaa82", size = 4405497, upload-time = "2026-02-10T19:17:26.66Z" },
    { url = "https://files.pythonhosted.org/packages/1a/df/9d58bb32b1121a8a2f27383fabae4d63080c7ca60b9b5c88be742be04ee7/cryptography-46.0.5-cp311-abi3-musllinux_1_2_x86_64.whl", hash = "sha256:80a8d7bfdf38f87ca30a5391c0c9ce4ed2926918e017c29ddf643d0ed2778ea1", size = 4667819, upload-time = "2026-02-10T19:17:28.569Z" },
    { url = "https://files.pythonhosted.org/packages/ea/ed/325d2a490c5e94038cdb0117da9397ece1f11201f425c4e9c57fe5b9f08b/cryptography-46.0.5-cp311-abi3-win32.whl", hash = "sha256:60ee7e19e95104d4c03871d7d7dfb3d22ef8a9b9c6778c94e1c8fcc8365afd48", size = 3028230, upload-time = "2026-02-10T19:17:30.518Z" },
    { url = "https://files.pythonhosted.org/packages/e9/5a/ac0f49e48063ab4255d9e3b79f5def51697fce1a95ea1370f03dc9db76f6/cryptography-46.0.5-cp311-abi3-win_amd64.whl", hash = "sha256:38946c54b16c885c72c4f59846be9743d699eee2b69b6988e0a00a01f46a61a4", size = 3480909, upload-time = "2026-02-10T19:17:32.083Z" },
    { url = "https://files.pythonhosted.org/packages/e2/fa/a66aa722105ad6a458bebd64086ca2b72cdd361fed31763d20390f6f1389/cryptography-46.0.5-cp38-abi3-macosx_10_9_universal2.whl", hash = "sha256:4108d4c09fbbf2789d0c926eb4152ae1760d5a2d97612b92d508d96c861e4d31", size = 7170514, upload-time = "2026-02-10T19:17:56.267Z" },
    { url = "https://files.pythonhosted.org/packages/0f/04/c85bdeab78c8bc77b701bf0d9bdcf514c044e18a46dcff330df5448631b0/cryptography-46.0.5-cp38-abi3-manylinux2014_aarch64.manylinux_2_17_aarch64.whl", hash = "sha256:7d1f30a86d2757199cb2d56e48cce14deddf1f9c95f1ef1b64ee91ea43fe2e18", size = 4275349, upload-time = "2026-02-10T19:17:58.419Z" },
    { url = "https://files.pythonhosted.org/packages/5c/32/9b87132a2f91ee7f5223b091dc963055503e9b442c98fc0b8a5ca765fab0/cryptography-46.0.5-cp38-abi3-manylinux2014_x86_64.manylinux_2_17_x86_64.whl", hash = "sha256:039917b0dc418bb9f6edce8a906572d69e74bd330b0b3fea4f79dab7f8ddd235", size = 4420667, upload-time = "2026-02-10T19:18:00.619Z" },
    { url = "https://files.pythonhosted.org/packages/a1/a6/a7cb7010bec4b7c5692ca6f024150371b295ee1c108bdc1c400e4c44562b/cryptography-46.0.5-cp38-abi3-manylinux_2_28_aarch64.whl", hash = "sha256:ba2a27ff02f48193fc4daeadf8ad2590516fa3d0adeeb34336b96f7fa64c1e3a", size = 4276980, upload-time = "2026-02-10T19:18:02.379Z" },
    { url = "https://files.pythonhosted.org/packages/8e/7c/c4f45e0eeff9b91e3f12dbd0e165fcf2a38847288fcfd889deea99fb7b6d/cryptography-46.0.5-cp38-abi3-manylinux_2_28_ppc64le.whl", hash = "sha256:61aa400dce22cb001a98014f647dc21cda08f7915ceb95df0c9eaf84b4b6af76", size = 4939143, upload-time = "2026-02-10T19:18:03.964Z" },
    { url = "https://files.pythonhosted.org/packages/37/19/e1b8f964a834eddb44fa1b9a9976f4e414cbb7aa62809b6760c8803d22d1/cryptography-46.0.5-cp38-abi3-manylinux_2_28_x86_64.whl", hash = "sha256:3ce58ba46e1bc2aac4f7d9290223cead56743fa6ab94a5d53292ffaac6a91614", size = 4453674, upload-time = "2026-02-10T19:18:05.588Z" },
    { url = "https://files.pythonhosted.org/packages/db/ed/db15d3956f65264ca204625597c410d420e26530c4e2943e05a0d2f24d51/cryptography-46.0.5-cp38-abi3-manylinux_2_31_armv7l.whl", hash = "sha256:420d0e909050490d04359e7fdb5ed7e667ca5c3c402b809ae2563d7e66a92229", size = 3978801, upload-time = "2026-02-10T19:18:07.167Z" },
    { url = "https://files.pythonhosted.org/packages/41/e2/df40a31d82df0a70a0daf69791f91dbb70e47644c58581d654879b382d11/cryptography-46.0.5-cp38-abi3-manylinux_2_34_aarch64.whl", hash = "sha256:582f5fcd2afa31622f317f80426a027f30dc792e9c80ffee87b993200ea115f1", size = 4276755, upload-time = "2026-02-10T19:18:09.813Z" },
    { url = "https://files.pythonhosted.org/packages/33/45/726809d1176959f4a896b86907b98ff4391a8aa29c0aaaf9450a8a10630e/cryptography-46.0.5-cp38-abi3-manylinux_2_34_ppc64le.whl", hash = "sha256:bfd56bb4b37ed4f330b82402f6f435845a5f5648edf1ad497da51a8452d5d62d", size = 4901539, upload-time = "2026-02-10T19:18:11.263Z" },
    { url = "https://files.pythonhosted.org/packages/99/0f/a3076874e9c88ecb2ecc31382f6e7c21b428ede6f55aafa1aa272613e3cd/cryptography-46.0.5-cp38-abi3-manylinux_2_34_x86_64.whl", hash = "sha256:a3d507bb6a513ca96ba84443226af944b0f7f47dcc9a399d110cd6146481d24c", size = 4452794, upload-time = "2026-02-10T19:18:12.914Z" },
    { url = "https://files.pythonhosted.org/packages/02/ef/ffeb542d3683d24194a38f66ca17c0a4b8bf10631feef44a7ef64e631b1a/cryptography-46.0.5-cp38-abi3-musllinux_1_2_aarch64.whl", hash = "sha256:9f16fbdf4da055efb21c22d81b89f155f02ba420558db21288b3d0035bafd5f4", size = 4404160, upload-time = "2026-02-10T19:18:14.375Z" },
    { url = "https://files.pythonhosted.org/packages/96/93/682d2b43c1d5f1406ed048f377c0fc9fc8f7b0447a478d5c65ab3d3a66eb/cryptography-46.0.5-cp38-abi3-musllinux_1_2_x86_64.whl", hash = "sha256:ced80795227d70549a411a4ab66e8ce307899fad2220ce5ab2f296e687eacde9", size = 4667123, upload-time = "2026-02-10T19:18:15.886Z" },
    { url = "https://files.pythonhosted.org/packages/45/2d/9c5f2926cb5300a8eefc3f4f0b3f3df39db7f7ce40c8365444c49363cbda/cryptography-46.0.5-cp38-abi3-win32.whl", hash = "sha256:02f547fce831f5096c9a567fd41bc12ca8f11df260959ecc7c3202555cc47a72", size = 3010220, upload-time = "2026-02-10T19:18:17.361Z" },
    { url = "https://files.pythonhosted.org/packages/48/ef/0c2f4a8e31018a986949d34a01115dd057bf536905dca38897bacd21fac3/cryptography-46.0.5-cp38-abi3-win_amd64.whl", hash = "sha256:556e106ee01aa13484ce9b0239bca667be5004efb0aabbed28d353df86445595", size = 3467050, upload-time = "2026-02-10T19:18:18.899Z" },
]

[[package]]
name = "fastapi"
version = "0.135.1"
source = { registry = "https://pypi.org/simple" }
dependencies = [
    { name = "annotated-doc" },
    { name = "pydantic" },
    { name = "starlette" },
    { name = "typing-extensions" },
    { name = "typing-inspection" },
]
sdist = { url = "https://files.pythonhosted.org/packages/e7/7b/f8e0211e9380f7195ba3f3d40c292594fd81ba8ec4629e3854c353aaca45/fastapi-0.135.1.tar.gz", hash = "sha256:d04115b508d936d254cea545b7312ecaa58a7b3a0f84952535b4c9afae7668cd", size = 394962, upload-time = "2026-03-01T18:18:29.369Z" }
wheels = [
    { url = "https://files.pythonhosted.org/packages/e4/72/42e900510195b23a56bde950d26a51f8b723846bfcaa0286e90287f0422b/fastapi-0.135.1-py3-none-any.whl", hash = "sha256:46e2fc5745924b7c840f71ddd277382af29ce1cdb7d5eab5bf697e3fb9999c9e", size = 116999, upload-time = "2026-03-01T18:18:30.831Z" },
]

[[package]]
name = "greenlet"
version = "3.3.2"
source = { registry = "https://pypi.org/simple" }
sdist = { url = "https://files.pythonhosted.org/packages/a3/51/1664f6b78fc6ebbd98019a1fd730e83fa78f2db7058f72b1463d3612b8db/greenlet-3.3.2.tar.gz", hash = "sha256:2eaf067fc6d886931c7962e8c6bede15d2f01965560f3359b27c80bde2d151f2", size = 188267, upload-time = "2026-02-20T20:54:15.531Z" }
wheels = [
    { url = "https://files.pythonhosted.org/packages/ea/ab/1608e5a7578e62113506740b88066bf09888322a311cff602105e619bd87/greenlet-3.3.2-cp312-cp312-macosx_11_0_universal2.whl", hash = "sha256:ac8d61d4343b799d1e526db579833d72f23759c71e07181c2d2944e429eb09cd", size = 280358, upload-time = "2026-02-20T20:17:43.971Z" },
    { url = "https://files.pythonhosted.org/packages/a5/23/0eae412a4ade4e6623ff7626e38998cb9b11e9ff1ebacaa021e4e108ec15/greenlet-3.3.2-cp312-cp312-manylinux_2_24_aarch64.manylinux_2_28_aarch64.whl", hash = "sha256:3ceec72030dae6ac0c8ed7591b96b70410a8be370b6a477b1dbc072856ad02bd", size = 601217, upload-time = "2026-02-20T20:47:31.462Z" },
    { url = "https://files.pythonhosted.org/packages/f8/16/5b1678a9c07098ecb9ab2dd159fafaf12e963293e61ee8d10ecb55273e5e/greenlet-3.3.2-cp312-cp312-manylinux_2_24_ppc64le.manylinux_2_28_ppc64le.whl", hash = "sha256:a2a5be83a45ce6188c045bcc44b0ee037d6a518978de9a5d97438548b953a1ac", size = 611792, upload-time = "2026-02-20T20:55:58.423Z" },
    { url = "https://files.pythonhosted.org/packages/5c/c5/cc09412a29e43406eba18d61c70baa936e299bc27e074e2be3806ed29098/greenlet-3.3.2-cp312-cp312-manylinux_2_24_s390x.manylinux_2_28_s390x.whl", hash = "sha256:ae9e21c84035c490506c17002f5c8ab25f980205c3e61ddb3a2a2a2e6c411fcb", size = 626250, upload-time = "2026-02-20T21:02:46.596Z" },
    { url = "https://files.pythonhosted.org/packages/50/1f/5155f55bd71cabd03765a4aac9ac446be129895271f73872c36ebd4b04b6/greenlet-3.3.2-cp312-cp312-manylinux_2_24_x86_64.manylinux_2_28_x86_64.whl", hash = "sha256:43e99d1749147ac21dde49b99c9abffcbc1e2d55c67501465ef0930d6e78e070", size = 613875, upload-time = "2026-02-20T20:21:01.102Z" },
    { url = "https://files.pythonhosted.org/packages/fc/dd/845f249c3fcd69e32df80cdab059b4be8b766ef5830a3d0aa9d6cad55beb/greenlet-3.3.2-cp312-cp312-musllinux_1_2_aarch64.whl", hash = "sha256:4c956a19350e2c37f2c48b336a3afb4bff120b36076d9d7fb68cb44e05d95b79", size = 1571467, upload-time = "2026-02-20T20:49:33.495Z" },
    { url = "https://files.pythonhosted.org/packages/2a/50/2649fe21fcc2b56659a452868e695634722a6655ba245d9f77f5656010bf/greenlet-3.3.2-cp312-cp312-musllinux_1_2_x86_64.whl", hash = "sha256:6c6f8ba97d17a1e7d664151284cb3315fc5f8353e75221ed4324f84eb162b395", size = 1640001, upload-time = "2026-02-20T20:21:09.154Z" },
    { url = "https://files.pythonhosted.org/packages/9b/40/cc802e067d02af8b60b6771cea7d57e21ef5e6659912814babb42b864713/greenlet-3.3.2-cp312-cp312-win_amd64.whl", hash = "sha256:34308836d8370bddadb41f5a7ce96879b72e2fdfb4e87729330c6ab52376409f", size = 231081, upload-time = "2026-02-20T20:17:28.121Z" },
    { url = "https://files.pythonhosted.org/packages/58/2e/fe7f36ff1982d6b10a60d5e0740c759259a7d6d2e1dc41da6d96de32fff6/greenlet-3.3.2-cp312-cp312-win_arm64.whl", hash = "sha256:d3a62fa76a32b462a97198e4c9e99afb9ab375115e74e9a83ce180e7a496f643", size = 230331, upload-time = "2026-02-20T20:17:23.34Z" },
]

[[package]]
name = "h11"
version = "0.16.0"
source = { registry = "https://pypi.org/simple" }
sdist = { url = "https://files.pythonhosted.org/packages/01/ee/02a2c011bdab74c6fb3c75474d40b3052059d95df7e73351460c8588d963/h11-0.16.0.tar.gz", hash = "sha256:4e35b956cf45792e4caa5885e69fba00bdbc6ffafbfa020300e549b208ee5ff1", size = 101250, upload-time = "2025-04-24T03:35:25.427Z" }
wheels = [
    { url = "https://files.pythonhosted.org/packages/04/4b/29cac41a4d98d144bf5f6d33995617b185d14b22401f75ca86f384e87ff1/h11-0.16.0-py3-none-any.whl", hash = "sha256:63cf8bbe7522de3bf65932fda1d9c2772064ffb3dae62d55932da54b31cb6c86", size = 37515, upload-time = "2025-04-24T03:35:24.344Z" },
]

[[package]]
name = "httpcore"
version = "1.0.9"
source = { registry = "https://pypi.org/simple" }
dependencies = [
    { name = "certifi" },
    { name = "h11" },
]
sdist = { url = "https://files.pythonhosted.org/packages/06/94/82699a10bca87a5556c9c59b5963f2d039dbd239f25bc2a63907a05a14cb/httpcore-1.0.9.tar.gz", hash = "sha256:6e34463af53fd2ab5d807f399a9b45ea31c3dfa2276f15a2c3f00afff6e176e8", size = 85484, upload-time = "2025-04-24T22:06:22.219Z" }
wheels = [
    { url = "https://files.pythonhosted.org/packages/7e/f5/f66802a942d491edb555dd61e3a9961140fd64c90bce1eafd741609d334d/httpcore-1.0.9-py3-none-any.whl", hash = "sha256:2d400746a40668fc9dec9810239072b40b4484b640a8c38fd654a024c7a1bf55", size = 78784, upload-time = "2025-04-24T22:06:20.566Z" },
]

[[package]]
name = "httpx"
version = "0.28.1"
source = { registry = "https://pypi.org/simple" }
dependencies = [
    { name = "anyio" },
    { name = "certifi" },
    { name = "httpcore" },
    { name = "idna" },
]
sdist = { url = "https://files.pythonhosted.org/packages/b1/df/48c586a5fe32a0f01324ee087459e112ebb7224f646c0b5023f5e79e9956/httpx-0.28.1.tar.gz", hash = "sha256:75e98c5f16b0f35b567856f597f06ff2270a374470a5c2392242528e3e3e42fc", size = 141406, upload-time = "2024-12-06T15:37:23.222Z" }
wheels = [
    { url = "https://files.pythonhosted.org/packages/2a/39/e50c7c3a983047577ee07d2a9e53faf5a69493943ec3f6a384bdc792deb2/httpx-0.28.1-py3-none-any.whl", hash = "sha256:d909fcccc110f8c7faf814ca82a9a4d816bc5a6dbfea25d6591d6985b8ba59ad", size = 73517, upload-time = "2024-12-06T15:37:21.509Z" },
]

[[package]]
name = "idna"
version = "3.11"
source = { registry = "https://pypi.org/simple" }
sdist = { url = "https://files.pythonhosted.org/packages/6f/6d/0703ccc57f3a7233505399edb88de3cbd678da106337b9fcde432b65ed60/idna-3.11.tar.gz", hash = "sha256:795dafcc9c04ed0c1fb032c2aa73654d8e8c5023a7df64a53f39190ada629902", size = 194582, upload-time = "2025-10-12T14:55:20.501Z" }
wheels = [
    { url = "https://files.pythonhosted.org/packages/0e/61/66938bbb5fc52dbdf84594873d5b51fb1f7c7794e9c0f5bd885f30bc507b/idna-3.11-py3-none-any.whl", hash = "sha256:771a87f49d9defaf64091e6e6fe9c18d4833f140bd19464795bc32d966ca37ea", size = 71008, upload-time = "2025-10-12T14:55:18.883Z" },
]

[[package]]
name = "iniconfig"
version = "2.3.0"
source = { registry = "https://pypi.org/simple" }
sdist = { url = "https://files.pythonhosted.org/packages/72/34/14ca021ce8e5dfedc35312d08ba8bf51fdd999c576889fc2c24cb97f4f10/iniconfig-2.3.0.tar.gz", hash = "sha256:c76315c77db068650d49c5b56314774a7804df16fee4402c1f19d6d15d8c4730", size = 20503, upload-time = "2025-10-18T21:55:43.219Z" }
wheels = [
    { url = "https://files.pythonhosted.org/packages/cb/b1/3846dd7f199d53cb17f49cba7e651e9ce294d8497c8c150530ed11865bb8/iniconfig-2.3.0-py3-none-any.whl", hash = "sha256:f631c04d2c48c52b84d0d0549c99ff3859c98df65b3101406327ecc7d53fbf12", size = 7484, upload-time = "2025-10-18T21:55:41.639Z" },
]

[[package]]
name = "monglepick-recommend"
version = "0.1.0"
source = { virtual = "." }
dependencies = [
    { name = "aiomysql" },
    { name = "cryptography" },
    { name = "fastapi" },
    { name = "greenlet" },
    { name = "pydantic-settings" },
    { name = "sqlalchemy" },
    { name = "uvicorn" },
]

[package.dev-dependencies]
dev = [
    { name = "httpx" },
    { name = "pytest" },
    { name = "pytest-asyncio" },
]

[package.metadata]
requires-dist = [
    { name = "aiomysql", specifier = ">=0.2.0" },
    { name = "cryptography", specifier = ">=45.0.0" },
    { name = "fastapi", specifier = ">=0.115.0" },
    { name = "greenlet", specifier = ">=3.1.1" },
    { name = "pydantic-settings", specifier = ">=2.7.0" },
    { name = "sqlalchemy", specifier = ">=2.0.0" },
    { name = "uvicorn", specifier = ">=0.34.0" },
]

[package.metadata.requires-dev]
dev = [
    { name = "httpx", specifier = ">=0.28.0" },
    { name = "pytest", specifier = ">=8.3.0" },
    { name = "pytest-asyncio", specifier = ">=0.25.0" },
]

[[package]]
name = "packaging"
version = "26.0"
source = { registry = "https://pypi.org/simple" }
sdist = { url = "https://files.pythonhosted.org/packages/65/ee/299d360cdc32edc7d2cf530f3accf79c4fca01e96ffc950d8a52213bd8e4/packaging-26.0.tar.gz", hash = "sha256:00243ae351a257117b6a241061796684b084ed1c516a08c48a3f7e147a9d80b4", size = 143416, upload-time = "2026-01-21T20:50:39.064Z" }
wheels = [
    { url = "https://files.pythonhosted.org/packages/b7/b9/c538f279a4e237a006a2c98387d081e9eb060d203d8ed34467cc0f0b9b53/packaging-26.0-py3-none-any.whl", hash = "sha256:b36f1fef9334a5588b4166f8bcd26a14e521f2b55e6b9de3aaa80d3ff7a37529", size = 74366, upload-time = "2026-01-21T20:50:37.788Z" },
]

[[package]]
name = "pluggy"
version = "1.6.0"
source = { registry = "https://pypi.org/simple" }
sdist = { url = "https://files.pythonhosted.org/packages/f9/e2/3e91f31a7d2b083fe6ef3fa267035b518369d9511ffab804f839851d2779/pluggy-1.6.0.tar.gz", hash = "sha256:7dcc130b76258d33b90f61b658791dede3486c3e6bfb003ee5c9bfb396dd22f3", size = 69412, upload-time = "2025-05-15T12:30:07.975Z" }
wheels = [
    { url = "https://files.pythonhosted.org/packages/54/20/4d324d65cc6d9205fabedc306948156824eb9f0ee1633355a8f7ec5c66bf/pluggy-1.6.0-py3-none-any.whl", hash = "sha256:e920276dd6813095e9377c0bc5566d94c932c33b27a3e3945d8389c374dd4746", size = 20538, upload-time = "2025-05-15T12:30:06.134Z" },
]

[[package]]
name = "pycparser"
version = "3.0"
source = { registry = "https://pypi.org/simple" }
sdist = { url = "https://files.pythonhosted.org/packages/1b/7d/92392ff7815c21062bea51aa7b87d45576f649f16458d78b7cf94b9ab2e6/pycparser-3.0.tar.gz", hash = "sha256:600f49d217304a5902ac3c37e1281c9fe94e4d0489de643a9504c5cdfdfc6b29", size = 103492, upload-time = "2026-01-21T14:26:51.89Z" }
wheels = [
    { url = "https://files.pythonhosted.org/packages/0c/c3/44f3fbbfa403ea2a7c779186dc20772604442dde72947e7d01069cbe98e3/pycparser-3.0-py3-none-any.whl", hash = "sha256:b727414169a36b7d524c1c3e31839a521725078d7b2ff038656844266160a992", size = 48172, upload-time = "2026-01-21T14:26:50.693Z" },
]

[[package]]
name = "pydantic"
version = "2.12.5"
source = { registry = "https://pypi.org/simple" }
dependencies = [
    { name = "annotated-types" },
    { name = "pydantic-core" },
    { name = "typing-extensions" },
    { name = "typing-inspection" },
]
sdist = { url = "https://files.pythonhosted.org/packages/69/44/36f1a6e523abc58ae5f928898e4aca2e0ea509b5aa6f6f392a5d882be928/pydantic-2.12.5.tar.gz", hash = "sha256:4d351024c75c0f085a9febbb665ce8c0c6ec5d30e903bdb6394b7ede26aebb49", size = 821591, upload-time = "2025-11-26T15:11:46.471Z" }
wheels = [
    { url = "https://files.pythonhosted.org/packages/5a/87/b70ad306ebb6f9b585f114d0ac2137d792b48be34d732d60e597c2f8465a/pydantic-2.12.5-py3-none-any.whl", hash = "sha256:e561593fccf61e8a20fc46dfc2dfe075b8be7d0188df33f221ad1f0139180f9d", size = 463580, upload-time = "2025-11-26T15:11:44.605Z" },
]

[[package]]
name = "pydantic-core"
version = "2.41.5"
source = { registry = "https://pypi.org/simple" }
dependencies = [
    { name = "typing-extensions" },
]
sdist = { url = "https://files.pythonhosted.org/packages/71/70/23b021c950c2addd24ec408e9ab05d59b035b39d97cdc1130e1bce647bb6/pydantic_core-2.41.5.tar.gz", hash = "sha256:08daa51ea16ad373ffd5e7606252cc32f07bc72b28284b6bc9c6df804816476e", size = 460952, upload-time = "2025-11-04T13:43:49.098Z" }
wheels = [
    { url = "https://files.pythonhosted.org/packages/5f/5d/5f6c63eebb5afee93bcaae4ce9a898f3373ca23df3ccaef086d0233a35a7/pydantic_core-2.41.5-cp312-cp312-macosx_10_12_x86_64.whl", hash = "sha256:f41a7489d32336dbf2199c8c0a215390a751c5b014c2c1c5366e817202e9cdf7", size = 2110990, upload-time = "2025-11-04T13:39:58.079Z" },
    { url = "https://files.pythonhosted.org/packages/aa/32/9c2e8ccb57c01111e0fd091f236c7b371c1bccea0fa85247ac55b1e2b6b6/pydantic_core-2.41.5-cp312-cp312-macosx_11_0_arm64.whl", hash = "sha256:070259a8818988b9a84a449a2a7337c7f430a22acc0859c6b110aa7212a6d9c0", size = 1896003, upload-time = "2025-11-04T13:39:59.956Z" },
    { url = "https://files.pythonhosted.org/packages/68/b8/a01b53cb0e59139fbc9e4fda3e9724ede8de279097179be4ff31f1abb65a/pydantic_core-2.41.5-cp312-cp312-manylinux_2_17_aarch64.manylinux2014_aarch64.whl", hash = "sha256:e96cea19e34778f8d59fe40775a7a574d95816eb150850a85a7a4c8f4b94ac69", size = 1919200, upload-time = "2025-11-04T13:40:02.241Z" },
    { url = "https://files.pythonhosted.org/packages/38/de/8c36b5198a29bdaade07b5985e80a233a5ac27137846f3bc2d3b40a47360/pydantic_core-2.41.5-cp312-cp312-manylinux_2_17_armv7l.manylinux2014_armv7l.whl", hash = "sha256:ed2e99c456e3fadd05c991f8f437ef902e00eedf34320ba2b0842bd1c3ca3a75", size = 2052578, upload-time = "2025-11-04T13:40:04.401Z" },
    { url = "https://files.pythonhosted.org/packages/00/b5/0e8e4b5b081eac6cb3dbb7e60a65907549a1ce035a724368c330112adfdd/pydantic_core-2.41.5-cp312-cp312-manylinux_2_17_ppc64le.manylinux2014_ppc64le.whl", hash = "sha256:65840751b72fbfd82c3c640cff9284545342a4f1eb1586ad0636955b261b0b05", size = 2208504, upload-time = "2025-11-04T13:40:06.072Z" },
    { url = "https://files.pythonhosted.org/packages/77/56/87a61aad59c7c5b9dc8caad5a41a5545cba3810c3e828708b3d7404f6cef/pydantic_core-2.41.5-cp312-cp312-manylinux_2_17_s390x.manylinux2014_s390x.whl", hash = "sha256:e536c98a7626a98feb2d3eaf75944ef6f3dbee447e1f841eae16f2f0a72d8ddc", size = 2335816, upload-time = "2025-11-04T13:40:07.835Z" },
    { url = "https://files.pythonhosted.org/packages/0d/76/941cc9f73529988688a665a5c0ecff1112b3d95ab48f81db5f7606f522d3/pydantic_core-2.41.5-cp312-cp312-manylinux_2_17_x86_64.manylinux2014_x86_64.whl", hash = "sha256:eceb81a8d74f9267ef4081e246ffd6d129da5d87e37a77c9bde550cb04870c1c", size = 2075366, upload-time = "2025-11-04T13:40:09.804Z" },
    { url = "https://files.pythonhosted.org/packages/d3/43/ebef01f69baa07a482844faaa0a591bad1ef129253ffd0cdaa9d8a7f72d3/pydantic_core-2.41.5-cp312-cp312-manylinux_2_5_i686.manylinux1_i686.whl", hash = "sha256:d38548150c39b74aeeb0ce8ee1d8e82696f4a4e16ddc6de7b1d8823f7de4b9b5", size = 2171698, upload-time = "2025-11-04T13:40:12.004Z" },
    { url = "https://files.pythonhosted.org/packages/b1/87/41f3202e4193e3bacfc2c065fab7706ebe81af46a83d3e27605029c1f5a6/pydantic_core-2.41.5-cp312-cp312-musllinux_1_1_aarch64.whl", hash = "sha256:c23e27686783f60290e36827f9c626e63154b82b116d7fe9adba1fda36da706c", size = 2132603, upload-time = "2025-11-04T13:40:13.868Z" },
    { url = "https://files.pythonhosted.org/packages/49/7d/4c00df99cb12070b6bccdef4a195255e6020a550d572768d92cc54dba91a/pydantic_core-2.41.5-cp312-cp312-musllinux_1_1_armv7l.whl", hash = "sha256:482c982f814460eabe1d3bb0adfdc583387bd4691ef00b90575ca0d2b6fe2294", size = 2329591, upload-time = "2025-11-04T13:40:15.672Z" },
    { url = "https://files.pythonhosted.org/packages/cc/6a/ebf4b1d65d458f3cda6a7335d141305dfa19bdc61140a884d165a8a1bbc7/pydantic_core-2.41.5-cp312-cp312-musllinux_1_1_x86_64.whl", hash = "sha256:bfea2a5f0b4d8d43adf9d7b8bf019fb46fdd10a2e5cde477fbcb9d1fa08c68e1", size = 2319068, upload-time = "2025-11-04T13:40:17.532Z" },
    { url = "https://files.pythonhosted.org/packages/49/3b/774f2b5cd4192d5ab75870ce4381fd89cf218af999515baf07e7206753f0/pydantic_core-2.41.5-cp312-cp312-win32.whl", hash = "sha256:b74557b16e390ec12dca509bce9264c3bbd128f8a2c376eaa68003d7f327276d", size = 1985908, upload-time = "2025-11-04T13:40:19.309Z" },
    { url = "https://files.pythonhosted.org/packages/86/45/00173a033c801cacf67c190fef088789394feaf88a98a7035b0e40d53dc9/pydantic_core-2.41.5-cp312-cp312-win_amd64.whl", hash = "sha256:1962293292865bca8e54702b08a4f26da73adc83dd1fcf26fbc875b35d81c815", size = 2020145, upload-time = "2025-11-04T13:40:21.548Z" },
    { url = "https://files.pythonhosted.org/packages/f9/22/91fbc821fa6d261b376a3f73809f907cec5ca6025642c463d3488aad22fb/pydantic_core-2.41.5-cp312-cp312-win_arm64.whl", hash = "sha256:1746d4a3d9a794cacae06a5eaaccb4b8643a131d45fbc9af23e353dc0a5ba5c3", size = 1976179, upload-time = "2025-11-04T13:40:23.393Z" },
    { url = "https://files.pythonhosted.org/packages/09/32/59b0c7e63e277fa7911c2fc70ccfb45ce4b98991e7ef37110663437005af/pydantic_core-2.41.5-graalpy312-graalpy250_312_native-macosx_10_12_x86_64.whl", hash = "sha256:7da7087d756b19037bc2c06edc6c170eeef3c3bafcb8f532ff17d64dc427adfd", size = 2110495, upload-time = "2025-11-04T13:42:49.689Z" },
    { url = "https://files.pythonhosted.org/packages/aa/81/05e400037eaf55ad400bcd318c05bb345b57e708887f07ddb2d20e3f0e98/pydantic_core-2.41.5-graalpy312-graalpy250_312_native-macosx_11_0_arm64.whl", hash = "sha256:aabf5777b5c8ca26f7824cb4a120a740c9588ed58df9b2d196ce92fba42ff8dc", size = 1915388, upload-time = "2025-11-04T13:42:52.215Z" },
    { url = "https://files.pythonhosted.org/packages/6e/0d/e3549b2399f71d56476b77dbf3cf8937cec5cd70536bdc0e374a421d0599/pydantic_core-2.41.5-graalpy312-graalpy250_312_native-manylinux_2_17_aarch64.manylinux2014_aarch64.whl", hash = "sha256:c007fe8a43d43b3969e8469004e9845944f1a80e6acd47c150856bb87f230c56", size = 1942879, upload-time = "2025-11-04T13:42:56.483Z" },
    { url = "https://files.pythonhosted.org/packages/f7/07/34573da085946b6a313d7c42f82f16e8920bfd730665de2d11c0c37a74b5/pydantic_core-2.41.5-graalpy312-graalpy250_312_native-manylinux_2_17_x86_64.manylinux2014_x86_64.whl", hash = "sha256:76d0819de158cd855d1cbb8fcafdf6f5cf1eb8e470abe056d5d161106e38062b", size = 2139017, upload-time = "2025-11-04T13:42:59.471Z" },
]

[[package]]
name = "pydantic-settings"
version = "2.13.1"
source = { registry = "https://pypi.org/simple" }
dependencies = [
    { name = "pydantic" },
    { name = "python-dotenv" },
    { name = "typing-inspection" },
]
sdist = { url = "https://files.pythonhosted.org/packages/52/6d/fffca34caecc4a3f97bda81b2098da5e8ab7efc9a66e819074a11955d87e/pydantic_settings-2.13.1.tar.gz", hash = "sha256:b4c11847b15237fb0171e1462bf540e294affb9b86db4d9aa5c01730bdbe4025", size = 223826, upload-time = "2026-02-19T13:45:08.055Z" }
wheels = [
    { url = "https://files.pythonhosted.org/packages/00/4b/ccc026168948fec4f7555b9164c724cf4125eac006e176541483d2c959be/pydantic_settings-2.13.1-py3-none-any.whl", hash = "sha256:d56fd801823dbeae7f0975e1f8c8e25c258eb75d278ea7abb5d9cebb01b56237", size = 58929, upload-time = "2026-02-19T13:45:06.034Z" },
]

[[package]]
name = "pygments"
version = "2.19.2"
source = { registry = "https://pypi.org/simple" }
sdist = { url = "https://files.pythonhosted.org/packages/b0/77/a5b8c569bf593b0140bde72ea885a803b82086995367bf2037de0159d924/pygments-2.19.2.tar.gz", hash = "sha256:636cb2477cec7f8952536970bc533bc43743542f70392ae026374600add5b887", size = 4968631, upload-time = "2025-06-21T13:39:12.283Z" }
wheels = [
    { url = "https://files.pythonhosted.org/packages/c7/21/705964c7812476f378728bdf590ca4b771ec72385c533964653c68e86bdc/pygments-2.19.2-py3-none-any.whl", hash = "sha256:86540386c03d588bb81d44bc3928634ff26449851e99741617ecb9037ee5ec0b", size = 1225217, upload-time = "2025-06-21T13:39:07.939Z" },
]

[[package]]
name = "pymysql"
version = "1.1.2"
source = { registry = "https://pypi.org/simple" }
sdist = { url = "https://files.pythonhosted.org/packages/f5/ae/1fe3fcd9f959efa0ebe200b8de88b5a5ce3e767e38c7ac32fb179f16a388/pymysql-1.1.2.tar.gz", hash = "sha256:4961d3e165614ae65014e361811a724e2044ad3ea3739de9903ae7c21f539f03", size = 48258, upload-time = "2025-08-24T12:55:55.146Z" }
wheels = [
    { url = "https://files.pythonhosted.org/packages/7c/4c/ad33b92b9864cbde84f259d5df035a6447f91891f5be77788e2a3892bce3/pymysql-1.1.2-py3-none-any.whl", hash = "sha256:e6b1d89711dd51f8f74b1631fe08f039e7d76cf67a42a323d3178f0f25762ed9", size = 45300, upload-time = "2025-08-24T12:55:53.394Z" },
]

[[package]]
name = "pytest"
version = "9.0.2"
source = { registry = "https://pypi.org/simple" }
dependencies = [
    { name = "colorama", marker = "sys_platform == 'win32'" },
    { name = "iniconfig" },
    { name = "packaging" },
    { name = "pluggy" },
    { name = "pygments" },
]
sdist = { url = "https://files.pythonhosted.org/packages/d1/db/7ef3487e0fb0049ddb5ce41d3a49c235bf9ad299b6a25d5780a89f19230f/pytest-9.0.2.tar.gz", hash = "sha256:75186651a92bd89611d1d9fc20f0b4345fd827c41ccd5c299a868a05d70edf11", size = 1568901, upload-time = "2025-12-06T21:30:51.014Z" }
wheels = [
    { url = "https://files.pythonhosted.org/packages/3b/ab/b3226f0bd7cdcf710fbede2b3548584366da3b19b5021e74f5bde2a8fa3f/pytest-9.0.2-py3-none-any.whl", hash = "sha256:711ffd45bf766d5264d487b917733b453d917afd2b0ad65223959f59089f875b", size = 374801, upload-time = "2025-12-06T21:30:49.154Z" },
]

[[package]]
name = "pytest-asyncio"
version = "1.3.0"
source = { registry = "https://pypi.org/simple" }
dependencies = [
    { name = "pytest" },
    { name = "typing-extensions" },
]
sdist = { url = "https://files.pythonhosted.org/packages/90/2c/8af215c0f776415f3590cac4f9086ccefd6fd463befeae41cd4d3f193e5a/pytest_asyncio-1.3.0.tar.gz", hash = "sha256:d7f52f36d231b80ee124cd216ffb19369aa168fc10095013c6b014a34d3ee9e5", size = 50087, upload-time = "2025-11-10T16:07:47.256Z" }
wheels = [
    { url = "https://files.pythonhosted.org/packages/e5/35/f8b19922b6a25bc0880171a2f1a003eaeb93657475193ab516fd87cac9da/pytest_asyncio-1.3.0-py3-none-any.whl", hash = "sha256:611e26147c7f77640e6d0a92a38ed17c3e9848063698d5c93d5aa7aa11cebff5", size = 15075, upload-time = "2025-11-10T16:07:45.537Z" },
]

[[package]]
name = "python-dotenv"
version = "1.2.2"
source = { registry = "https://pypi.org/simple" }
sdist = { url = "https://files.pythonhosted.org/packages/82/ed/0301aeeac3e5353ef3d94b6ec08bbcabd04a72018415dcb29e588514bba8/python_dotenv-1.2.2.tar.gz", hash = "sha256:2c371a91fbd7ba082c2c1dc1f8bf89ca22564a087c2c287cd9b662adde799cf3", size = 50135, upload-time = "2026-03-01T16:00:26.196Z" }
wheels = [
    { url = "https://files.pythonhosted.org/packages/0b/d7/1959b9648791274998a9c3526f6d0ec8fd2233e4d4acce81bbae76b44b2a/python_dotenv-1.2.2-py3-none-any.whl", hash = "sha256:1d8214789a24de455a8b8bd8ae6fe3c6b69a5e3d64aa8a8e5d68e694bbcb285a", size = 22101, upload-time = "2026-03-01T16:00:25.09Z" },
]

[[package]]
name = "sqlalchemy"
version = "2.0.48"
source = { registry = "https://pypi.org/simple" }
dependencies = [
    { name = "greenlet", marker = "platform_machine == 'AMD64' or platform_machine == 'WIN32' or platform_machine == 'aarch64' or platform_machine == 'amd64' or platform_machine == 'ppc64le' or platform_machine == 'win32' or platform_machine == 'x86_64'" },
    { name = "typing-extensions" },
]
sdist = { url = "https://files.pythonhosted.org/packages/1f/73/b4a9737255583b5fa858e0bb8e116eb94b88c910164ed2ed719147bde3de/sqlalchemy-2.0.48.tar.gz", hash = "sha256:5ca74f37f3369b45e1f6b7b06afb182af1fd5dde009e4ffd831830d98cbe5fe7", size = 9886075, upload-time = "2026-03-02T15:28:51.474Z" }
wheels = [
    { url = "https://files.pythonhosted.org/packages/ef/91/a42ae716f8925e9659df2da21ba941f158686856107a61cc97a95e7647a3/sqlalchemy-2.0.48-cp312-cp312-macosx_11_0_arm64.whl", hash = "sha256:348174f228b99f33ca1f773e85510e08927620caa59ffe7803b37170df30332b", size = 2155737, upload-time = "2026-03-02T15:49:13.207Z" },
    { url = "https://files.pythonhosted.org/packages/b9/52/f75f516a1f3888f027c1cfb5d22d4376f4b46236f2e8669dcb0cddc60275/sqlalchemy-2.0.48-cp312-cp312-manylinux2014_aarch64.manylinux_2_17_aarch64.manylinux_2_28_aarch64.whl", hash = "sha256:53667b5f668991e279d21f94ccfa6e45b4e3f4500e7591ae59a8012d0f010dcb", size = 3337020, upload-time = "2026-03-02T15:50:34.547Z" },
    { url = "https://files.pythonhosted.org/packages/37/9a/0c28b6371e0cdcb14f8f1930778cb3123acfcbd2c95bb9cf6b4a2ba0cce3/sqlalchemy-2.0.48-cp312-cp312-manylinux2014_x86_64.manylinux_2_17_x86_64.manylinux_2_28_x86_64.whl", hash = "sha256:34634e196f620c7a61d18d5cf7dc841ca6daa7961aed75d532b7e58b309ac894", size = 3349983, upload-time = "2026-03-02T15:53:25.542Z" },
    { url = "https://files.pythonhosted.org/packages/1c/46/0aee8f3ff20b1dcbceb46ca2d87fcc3d48b407925a383ff668218509d132/sqlalchemy-2.0.48-cp312-cp312-musllinux_1_2_aarch64.whl", hash = "sha256:546572a1793cc35857a2ffa1fe0e58571af1779bcc1ffa7c9fb0839885ed69a9", size = 3279690, upload-time = "2026-03-02T15:50:36.277Z" },
    { url = "https://files.pythonhosted.org/packages/ce/8c/a957bc91293b49181350bfd55e6dfc6e30b7f7d83dc6792d72043274a390/sqlalchemy-2.0.48-cp312-cp312-musllinux_1_2_x86_64.whl", hash = "sha256:07edba08061bc277bfdc772dd2a1a43978f5a45994dd3ede26391b405c15221e", size = 3314738, upload-time = "2026-03-02T15:53:27.519Z" },
    { url = "https://files.pythonhosted.org/packages/4b/44/1d257d9f9556661e7bdc83667cc414ba210acfc110c82938cb3611eea58f/sqlalchemy-2.0.48-cp312-cp312-win32.whl", hash = "sha256:908a3fa6908716f803b86896a09a2c4dde5f5ce2bb07aacc71ffebb57986ce99", size = 2115546, upload-time = "2026-03-02T15:54:31.591Z" },
    { url = "https://files.pythonhosted.org/packages/f2/af/c3c7e1f3a2b383155a16454df62ae8c62a30dd238e42e68c24cebebbfae6/sqlalchemy-2.0.48-cp312-cp312-win_amd64.whl", hash = "sha256:68549c403f79a8e25984376480959975212a670405e3913830614432b5daa07a", size = 2142484, upload-time = "2026-03-02T15:54:34.072Z" },
    { url = "https://files.pythonhosted.org/packages/46/2c/9664130905f03db57961b8980b05cab624afd114bf2be2576628a9f22da4/sqlalchemy-2.0.48-py3-none-any.whl", hash = "sha256:a66fe406437dd65cacd96a72689a3aaaecaebbcd62d81c5ac1c0fdbeac835096", size = 1940202, upload-time = "2026-03-02T15:52:43.285Z" },
]

[[package]]
name = "starlette"
version = "0.52.1"
source = { registry = "https://pypi.org/simple" }
dependencies = [
    { name = "anyio" },
    { name = "typing-extensions" },
]
sdist = { url = "https://files.pythonhosted.org/packages/c4/68/79977123bb7be889ad680d79a40f339082c1978b5cfcf62c2d8d196873ac/starlette-0.52.1.tar.gz", hash = "sha256:834edd1b0a23167694292e94f597773bc3f89f362be6effee198165a35d62933", size = 2653702, upload-time = "2026-01-18T13:34:11.062Z" }
wheels = [
    { url = "https://files.pythonhosted.org/packages/81/0d/13d1d239a25cbfb19e740db83143e95c772a1fe10202dda4b76792b114dd/starlette-0.52.1-py3-none-any.whl", hash = "sha256:0029d43eb3d273bc4f83a08720b4912ea4b071087a3b48db01b7c839f7954d74", size = 74272, upload-time = "2026-01-18T13:34:09.188Z" },
]

[[package]]
name = "typing-extensions"
version = "4.15.0"
source = { registry = "https://pypi.org/simple" }
sdist = { url = "https://files.pythonhosted.org/packages/72/94/1a15dd82efb362ac84269196e94cf00f187f7ed21c242792a923cdb1c61f/typing_extensions-4.15.0.tar.gz", hash = "sha256:0cea48d173cc12fa28ecabc3b837ea3cf6f38c6d1136f85cbaaf598984861466", size = 109391, upload-time = "2025-08-25T13:49:26.313Z" }
wheels = [
    { url = "https://files.pythonhosted.org/packages/18/67/36e9267722cc04a6b9f15c7f3441c2363321a3ea07da7ae0c0707beb2a9c/typing_extensions-4.15.0-py3-none-any.whl", hash = "sha256:f0fa19c6845758ab08074a0cfa8b7aecb71c999ca73d62883bc25cc018c4e548", size = 44614, upload-time = "2025-08-25T13:49:24.86Z" },
]

[[package]]
name = "typing-inspection"
version = "0.4.2"
source = { registry = "https://pypi.org/simple" }
dependencies = [
    { name = "typing-extensions" },
]
sdist = { url = "https://files.pythonhosted.org/packages/55/e3/70399cb7dd41c10ac53367ae42139cf4b1ca5f36bb3dc6c9d33acdb43655/typing_inspection-0.4.2.tar.gz", hash = "sha256:ba561c48a67c5958007083d386c3295464928b01faa735ab8547c5692e87f464", size = 75949, upload-time = "2025-10-01T02:14:41.687Z" }
wheels = [
    { url = "https://files.pythonhosted.org/packages/dc/9b/47798a6c91d8bdb567fe2698fe81e0c6b7cb7ef4d13da4114b41d239f65d/typing_inspection-0.4.2-py3-none-any.whl", hash = "sha256:4ed1cacbdc298c220f1bd249ed5287caa16f34d44ef4e9c3d0cbad5b521545e7", size = 14611, upload-time = "2025-10-01T02:14:40.154Z" },
]

[[package]]
name = "uvicorn"
version = "0.41.0"
source = { registry = "https://pypi.org/simple" }
dependencies = [
    { name = "click" },
    { name = "h11" },
]
sdist = { url = "https://files.pythonhosted.org/packages/32/ce/eeb58ae4ac36fe09e3842eb02e0eb676bf2c53ae062b98f1b2531673efdd/uvicorn-0.41.0.tar.gz", hash = "sha256:09d11cf7008da33113824ee5a1c6422d89fbc2ff476540d69a34c87fab8b571a", size = 82633, upload-time = "2026-02-16T23:07:24.1Z" }
wheels = [
    { url = "https://files.pythonhosted.org/packages/83/e4/d04a086285c20886c0daad0e026f250869201013d18f81d9ff5eada73a88/uvicorn-0.41.0-py3-none-any.whl", hash = "sha256:29e35b1d2c36a04b9e180d4007ede3bcb32a85fbdfd6c6aeb3f26839de088187", size = 68783, upload-time = "2026-02-16T23:07:22.357Z" },
]
